
Microsoft Visual Studio Solution File, Format Version 12.00
# Visual Studio Version 16
VisualStudioVersion = 16.0.31025.194
MinimumVisualStudioVersion = 10.0.40219.1
Project("{8BC9CEB8-8B4A-11D0-8D11-00A0C91BC942}") = "SimpleWHv34", "SimpleWHv34\SimpleWHv34.vcxproj", "{D681CE53-E1F4-4FA3-BD30-E7A9217AE1B8}"
EndProject
Global
	GlobalSection(SolutionConfigurationPlatforms) = preSolution
		Debug|x64 = Debug|x64
		Debug|x86 = Debug|x86
		Release|x64 = Release|x64
		Release|x86 = Release|x86
	EndGlobalSection
	GlobalSection(ProjectConfigurationPlatforms) = postSolution
		{D681CE53-E1F4-4FA3-BD30-E7A9217AE1B8}.Debug|x64.ActiveCfg = Debug|x64
		{D681CE53-E1F4-4FA3-BD30-E7A9217AE1B8}.Debug|x64.Build.0 = Debug|x64
		{D681CE53-E1F4-4FA3-BD30-E7A9217AE1B8}.Debug|x86.ActiveCfg = Debug|Win32
		{D681CE53-E1F4-4FA3-BD30-E7A9217AE1B8}.Debug|x86.Build.0 = Debug|Win32
		{D681CE53-E1F4-4FA3-BD30-E7A9217AE1B8}.Release|x64.ActiveCfg = Release|x64
		{D681CE53-E1F4-4FA3-BD30-E7A9217AE1B8}.Release|x64.Build.0 = Release|x64
		{D681CE53-E1F4-4FA3-BD30-E7A9217AE1B8}.Release|x86.ActiveCfg = Release|Win32
		{D681CE53-E1F4-4FA3-BD30-E7A9217AE1B8}.Release|x86.Build.0 = Release|Win32
	EndGlobalSection
	GlobalSection(SolutionProperties) = preSolution
		HideSolutionNode = FALSE
	EndGlobalSection
	GlobalSection(ExtensibilityGlobals) = postSolution
		SolutionGuid = {93FCD530-CE4A-4C40-A68C-168FC1660A11}
	EndGlobalSection
EndGlobal
